
Microsoft Visual Studio Solution File, Format Version 12.00
# Visual Studio Version 16
VisualStudioVersion = 16.0.31410.357
MinimumVisualStudioVersion = 10.0.40219.1
Project("{FAE04EC0-301F-11D3-BF4B-00C04F79EFBC}") = "RockPaperScissorsGame", "RockPaperScissorsGame\RockPaperScissorsGame.csproj", "{50960FE5-7624-4B7B-9827-1A1A137F5BC6}"
EndProject
Global
	GlobalSection(SolutionConfigurationPlatforms) = preSolution
		Debug|Any CPU = Debug|Any CPU
		Release|Any CPU = Release|Any CPU
	EndGlobalSection
	GlobalSection(ProjectConfigurationPlatforms) = postSolution
		{50960FE5-7624-4B7B-9827-1A1A137F5BC6}.Debug|Any CPU.ActiveCfg = Debug|Any CPU
		{50960FE5-7624-4B7B-9827-1A1A137F5BC6}.Debug|Any CPU.Build.0 = Debug|Any CPU
		{50960FE5-7624-4B7B-9827-1A1A137F5BC6}.Release|Any CPU.ActiveCfg = Release|Any CPU
		{50960FE5-7624-4B7B-9827-1A1A137F5BC6}.Release|Any CPU.Build.0 = Release|Any CPU
	EndGlobalSection
	GlobalSection(SolutionProperties) = preSolution
		HideSolutionNode = FALSE
	EndGlobalSection
	GlobalSection(ExtensibilityGlobals) = postSolution
		SolutionGuid = {58120BC4-9F0F-4727-9919-352DF79C9FB0}
	EndGlobalSection
EndGlobal
